// !$*UTF8*$!
{
	archiveVersion = 1;
	classes = {
	};
	objectVersion = 46;
	objects = {

/* Begin PBXBuildFile section */
		5702B40E19A7AD6400A4CB8B /* Foundation.framework in Frameworks */ = {isa = PBXBuildFile; fileRef = 5702B40D19A7AD6400A4CB8B /* Foundation.framework */; };
		5702B41019A7AD6400A4CB8B /* CoreGraphics.framework in Frameworks */ = {isa = PBXBuildFile; fileRef = 5702B40F19A7AD6400A4CB8B /* CoreGraphics.framework */; };
		5702B41219A7AD6400A4CB8B /* UIKit.framework in Frameworks */ = {isa = PBXBuildFile; fileRef = 5702B41119A7AD6400A4CB8B /* UIKit.framework */; };
		5702B41819A7AD6400A4CB8B /* InfoPlist.strings in Resources */ = {isa = PBXBuildFile; fileRef = 5702B41619A7AD6400A4CB8B /* InfoPlist.strings */; };
		5702B41A19A7AD6400A4CB8B /* main.m in Sources */ = {isa = PBXBuildFile; fileRef = 5702B41919A7AD6400A4CB8B /* main.m */; };
		5702B41E19A7AD6400A4CB8B /* KSTAppDelegate.m in Sources */ = {isa = PBXBuildFile; fileRef = 5702B41D19A7AD6400A4CB8B /* KSTAppDelegate.m */; };
		5702B42119A7AD6400A4CB8B /* Main_iPhone.storyboard in Resources */ = {isa = PBXBuildFile; fileRef = 5702B41F19A7AD6400A4CB8B /* Main_iPhone.storyboard */; };
		5702B42C19A7AD6400A4CB8B /* Images.xcassets in Resources */ = {isa = PBXBuildFile; fileRef = 5702B42B19A7AD6400A4CB8B /* Images.xcassets */; };
		5702B43319A7AD6500A4CB8B /* XCTest.framework in Frameworks */ = {isa = PBXBuildFile; fileRef = 5702B43219A7AD6500A4CB8B /* XCTest.framework */; };
		5702B43419A7AD6500A4CB8B /* Foundation.framework in Frameworks */ = {isa = PBXBuildFile; fileRef = 5702B40D19A7AD6400A4CB8B /* Foundation.framework */; };
		5702B43519A7AD6500A4CB8B /* UIKit.framework in Frameworks */ = {isa = PBXBuildFile; fileRef = 5702B41119A7AD6400A4CB8B /* UIKit.framework */; };
		5702B43D19A7AD6500A4CB8B /* InfoPlist.strings in Resources */ = {isa = PBXBuildFile; fileRef = 5702B43B19A7AD6500A4CB8B /* InfoPlist.strings */; };
		5702B43F19A7AD6500A4CB8B /* Keste_MobileTests.m in Sources */ = {isa = PBXBuildFile; fileRef = 5702B43E19A7AD6500A4CB8B /* Keste_MobileTests.m */; };
		5702B44E19AB9D8100A4CB8B /* KSTIndustryTableViewController.m in Sources */ = {isa = PBXBuildFile; fileRef = 5702B44D19AB9D8100A4CB8B /* KSTIndustryTableViewController.m */; };
		5768672D19ABDF0F00F5E5AA /* KSTCaseStudyViewController.m in Sources */ = {isa = PBXBuildFile; fileRef = 5768672C19ABDF0F00F5E5AA /* KSTCaseStudyViewController.m */; };
/* End PBXBuildFile section */

/* Begin PBXContainerItemProxy section */
		5702B43619A7AD6500A4CB8B /* PBXContainerItemProxy */ = {
			isa = PBXContainerItemProxy;
			containerPortal = 5702B40219A7AD6400A4CB8B /* Project object */;
			proxyType = 1;
			remoteGlobalIDString = 5702B40919A7AD6400A4CB8B;
			remoteInfo = "Keste Mobile";
		};
/* End PBXContainerItemProxy section */

/* Begin PBXFileReference section */
		5702B40A19A7AD6400A4CB8B /* Feedback Viewer.app */ = {isa = PBXFileReference; explicitFileType = wrapper.application; includeInIndex = 0; path = "Feedback Viewer.app"; sourceTree = BUILT_PRODUCTS_DIR; };
		5702B40D19A7AD6400A4CB8B /* Foundation.framework */ = {isa = PBXFileReference; lastKnownFileType = wrapper.framework; name = Foundation.framework; path = System/Library/Frameworks/Foundation.framework; sourceTree = SDKROOT; };
		5702B40F19A7AD6400A4CB8B /* CoreGraphics.framework */ = {isa = PBXFileReference; lastKnownFileType = wrapper.framework; name = CoreGraphics.framework; path = System/Library/Frameworks/CoreGraphics.framework; sourceTree = SDKROOT; };
		5702B41119A7AD6400A4CB8B /* UIKit.framework */ = {isa = PBXFileReference; lastKnownFileType = wrapper.framework; name = UIKit.framework; path = System/Library/Frameworks/UIKit.framework; sourceTree = SDKROOT; };
		5702B41519A7AD6400A4CB8B /* Feedback Viewer-Info.plist */ = {isa = PBXFileReference; lastKnownFileType = text.plist.xml; path = "Feedback Viewer-Info.plist"; sourceTree = "<group>"; };
		5702B41719A7AD6400A4CB8B /* en */ = {isa = PBXFileReference; lastKnownFileType = text.plist.strings; name = en; path = en.lproj/InfoPlist.strings; sourceTree = "<group>"; };
		5702B41919A7AD6400A4CB8B /* main.m */ = {isa = PBXFileReference; lastKnownFileType = sourcecode.c.objc; path = main.m; sourceTree = "<group>"; };
		5702B41B19A7AD6400A4CB8B /* Feedback Viewer-Prefix.pch */ = {isa = PBXFileReference; lastKnownFileType = sourcecode.c.h; path = "Feedback Viewer-Prefix.pch"; sourceTree = "<group>"; };
		5702B41C19A7AD6400A4CB8B /* KSTAppDelegate.h */ = {isa = PBXFileReference; lastKnownFileType = sourcecode.c.h; path = KSTAppDelegate.h; sourceTree = "<group>"; };
		5702B41D19A7AD6400A4CB8B /* KSTAppDelegate.m */ = {isa = PBXFileReference; lastKnownFileType = sourcecode.c.objc; path = KSTAppDelegate.m; sourceTree = "<group>"; };
		5702B42019A7AD6400A4CB8B /* Base */ = {isa = PBXFileReference; lastKnownFileType = file.storyboard; name = Base; path = Base.lproj/Main_iPhone.storyboard; sourceTree = "<group>"; };
		5702B42B19A7AD6400A4CB8B /* Images.xcassets */ = {isa = PBXFileReference; lastKnownFileType = folder.assetcatalog; path = Images.xcassets; sourceTree = "<group>"; };
		5702B43119A7AD6500A4CB8B /* Feedback ViewerTests.xctest */ = {isa = PBXFileReference; explicitFileType = wrapper.cfbundle; includeInIndex = 0; path = "Feedback ViewerTests.xctest"; sourceTree = BUILT_PRODUCTS_DIR; };
		5702B43219A7AD6500A4CB8B /* XCTest.framework */ = {isa = PBXFileReference; lastKnownFileType = wrapper.framework; name = XCTest.framework; path = Library/Frameworks/XCTest.framework; sourceTree = DEVELOPER_DIR; };
		5702B43A19A7AD6500A4CB8B /* Feedback ViewerTests-Info.plist */ = {isa = PBXFileReference; lastKnownFileType = text.plist.xml; path = "Feedback ViewerTests-Info.plist"; sourceTree = "<group>"; };
		5702B43C19A7AD6500A4CB8B /* en */ = {isa = PBXFileReference; lastKnownFileType = text.plist.strings; name = en; path = en.lproj/InfoPlist.strings; sourceTree = "<group>"; };
		5702B43E19A7AD6500A4CB8B /* Keste_MobileTests.m */ = {isa = PBXFileReference; lastKnownFileType = sourcecode.c.objc; path = Keste_MobileTests.m; sourceTree = "<group>"; };
		5702B44C19AB9D8100A4CB8B /* KSTIndustryTableViewController.h */ = {isa = PBXFileReference; fileEncoding = 4; lastKnownFileType = sourcecode.c.h; path = KSTIndustryTableViewController.h; sourceTree = "<group>"; };
		5702B44D19AB9D8100A4CB8B /* KSTIndustryTableViewController.m */ = {isa = PBXFileReference; fileEncoding = 4; lastKnownFileType = sourcecode.c.objc; path = KSTIndustryTableViewController.m; sourceTree = "<group>"; };
		5768672B19ABDF0F00F5E5AA /* KSTCaseStudyViewController.h */ = {isa = PBXFileReference; fileEncoding = 4; lastKnownFileType = sourcecode.c.h; path = KSTCaseStudyViewController.h; sourceTree = "<group>"; };
		5768672C19ABDF0F00F5E5AA /* KSTCaseStudyViewController.m */ = {isa = PBXFileReference; fileEncoding = 4; lastKnownFileType = sourcecode.c.objc; path = KSTCaseStudyViewController.m; sourceTree = "<group>"; };
/* End PBXFileReference section */

/* Begin PBXFrameworksBuildPhase section */
		5702B40719A7AD6400A4CB8B /* Frameworks */ = {
			isa = PBXFrameworksBuildPhase;
			buildActionMask = 2147483647;
			files = (
				5702B41019A7AD6400A4CB8B /* CoreGraphics.framework in Frameworks */,
				5702B41219A7AD6400A4CB8B /* UIKit.framework in Frameworks */,
				5702B40E19A7AD6400A4CB8B /* Foundation.framework in Frameworks */,
			);
			runOnlyForDeploymentPostprocessing = 0;
		};
		5702B42E19A7AD6500A4CB8B /* Frameworks */ = {
			isa = PBXFrameworksBuildPhase;
			buildActionMask = 2147483647;
			files = (
				5702B43319A7AD6500A4CB8B /* XCTest.framework in Frameworks */,
				5702B43519A7AD6500A4CB8B /* UIKit.framework in Frameworks */,
				5702B43419A7AD6500A4CB8B /* Foundation.framework in Frameworks */,
			);
			runOnlyForDeploymentPostprocessing = 0;
		};
/* End PBXFrameworksBuildPhase section */

/* Begin PBXGroup section */
		5702B40119A7AD6400A4CB8B = {
			isa = PBXGroup;
			children = (
				5702B41319A7AD6400A4CB8B /* Feedback Viewer */,
				5702B43819A7AD6500A4CB8B /* Feedback ViewerTests */,
				5702B40C19A7AD6400A4CB8B /* Frameworks */,
				5702B40B19A7AD6400A4CB8B /* Products */,
			);
			sourceTree = "<group>";
		};
		5702B40B19A7AD6400A4CB8B /* Products */ = {
			isa = PBXGroup;
			children = (
				5702B40A19A7AD6400A4CB8B /* Feedback Viewer.app */,
				5702B43119A7AD6500A4CB8B /* Feedback ViewerTests.xctest */,
			);
			name = Products;
			sourceTree = "<group>";
		};
		5702B40C19A7AD6400A4CB8B /* Frameworks */ = {
			isa = PBXGroup;
			children = (
				5702B40D19A7AD6400A4CB8B /* Foundation.framework */,
				5702B40F19A7AD6400A4CB8B /* CoreGraphics.framework */,
				5702B41119A7AD6400A4CB8B /* UIKit.framework */,
				5702B43219A7AD6500A4CB8B /* XCTest.framework */,
			);
			name = Frameworks;
			sourceTree = "<group>";
		};
		5702B41319A7AD6400A4CB8B /* Feedback Viewer */ = {
			isa = PBXGroup;
			children = (
				5768672A19ABC69400F5E5AA /* Controllers */,
				5702B41C19A7AD6400A4CB8B /* KSTAppDelegate.h */,
				5702B41D19A7AD6400A4CB8B /* KSTAppDelegate.m */,
				5702B41F19A7AD6400A4CB8B /* Main_iPhone.storyboard */,
				5702B42B19A7AD6400A4CB8B /* Images.xcassets */,
				5702B41419A7AD6400A4CB8B /* Supporting Files */,
			);
			name = "Feedback Viewer";
			path = "Keste Mobile";
			sourceTree = "<group>";
		};
		5702B41419A7AD6400A4CB8B /* Supporting Files */ = {
			isa = PBXGroup;
			children = (
				5702B41519A7AD6400A4CB8B /* Feedback Viewer-Info.plist */,
				5702B41619A7AD6400A4CB8B /* InfoPlist.strings */,
				5702B41919A7AD6400A4CB8B /* main.m */,
				5702B41B19A7AD6400A4CB8B /* Feedback Viewer-Prefix.pch */,
			);
			name = "Supporting Files";
			sourceTree = "<group>";
		};
		5702B43819A7AD6500A4CB8B /* Feedback ViewerTests */ = {
			isa = PBXGroup;
			children = (
				5702B43E19A7AD6500A4CB8B /* Keste_MobileTests.m */,
				5702B43919A7AD6500A4CB8B /* Supporting Files */,
			);
			name = "Feedback ViewerTests";
			path = "Keste MobileTests";
			sourceTree = "<group>";
		};
		5702B43919A7AD6500A4CB8B /* Supporting Files */ = {
			isa = PBXGroup;
			children = (
				5702B43A19A7AD6500A4CB8B /* Feedback ViewerTests-Info.plist */,
				5702B43B19A7AD6500A4CB8B /* InfoPlist.strings */,
			);
			name = "Supporting Files";
			sourceTree = "<group>";
		};
		5768672A19ABC69400F5E5AA /* Controllers */ = {
			isa = PBXGroup;
			children = (
				5702B44C19AB9D8100A4CB8B /* KSTIndustryTableViewController.h */,
				5702B44D19AB9D8100A4CB8B /* KSTIndustryTableViewController.m */,
				5768672B19ABDF0F00F5E5AA /* KSTCaseStudyViewController.h */,
				5768672C19ABDF0F00F5E5AA /* KSTCaseStudyViewController.m */,
			);
			name = Controllers;
			sourceTree = "<group>";
		};
/* End PBXGroup section */

/* Begin PBXNativeTarget section */
		5702B40919A7AD6400A4CB8B /* Feedback Viewer */ = {
			isa = PBXNativeTarget;
			buildConfigurationList = 5702B44219A7AD6500A4CB8B /* Build configuration list for PBXNativeTarget "Feedback Viewer" */;
			buildPhases = (
				5702B40619A7AD6400A4CB8B /* Sources */,
				5702B40719A7AD6400A4CB8B /* Frameworks */,
				5702B40819A7AD6400A4CB8B /* Resources */,
			);
			buildRules = (
			);
			dependencies = (
			);
			name = "Feedback Viewer";
			productName = "Keste Mobile";
			productReference = 5702B40A19A7AD6400A4CB8B /* Feedback Viewer.app */;
			productType = "com.apple.product-type.application";
		};
		5702B43019A7AD6500A4CB8B /* Feedback ViewerTests */ = {
			isa = PBXNativeTarget;
			buildConfigurationList = 5702B44519A7AD6500A4CB8B /* Build configuration list for PBXNativeTarget "Feedback ViewerTests" */;
			buildPhases = (
				5702B42D19A7AD6500A4CB8B /* Sources */,
				5702B42E19A7AD6500A4CB8B /* Frameworks */,
				5702B42F19A7AD6500A4CB8B /* Resources */,
			);
			buildRules = (
			);
			dependencies = (
				5702B43719A7AD6500A4CB8B /* PBXTargetDependency */,
			);
			name = "Feedback ViewerTests";
			productName = "Keste MobileTests";
			productReference = 5702B43119A7AD6500A4CB8B /* Feedback ViewerTests.xctest */;
			productType = "com.apple.product-type.bundle.unit-test";
		};
/* End PBXNativeTarget section */

/* Begin PBXProject section */
		5702B40219A7AD6400A4CB8B /* Project object */ = {
			isa = PBXProject;
			attributes = {
				CLASSPREFIX = KST;
				LastUpgradeCheck = 0510;
				ORGANIZATIONNAME = Keste;
				TargetAttributes = {
					5702B43019A7AD6500A4CB8B = {
						TestTargetID = 5702B40919A7AD6400A4CB8B;
					};
				};
			};
			buildConfigurationList = 5702B40519A7AD6400A4CB8B /* Build configuration list for PBXProject "Feedback Viewer" */;
			compatibilityVersion = "Xcode 3.2";
			developmentRegion = English;
			hasScannedForEncodings = 0;
			knownRegions = (
				en,
				Base,
			);
			mainGroup = 5702B40119A7AD6400A4CB8B;
			productRefGroup = 5702B40B19A7AD6400A4CB8B /* Products */;
			projectDirPath = "";
			projectRoot = "";
			targets = (
				5702B40919A7AD6400A4CB8B /* Feedback Viewer */,
				5702B43019A7AD6500A4CB8B /* Feedback ViewerTests */,
			);
		};
/* End PBXProject section */

/* Begin PBXResourcesBuildPhase section */
		5702B40819A7AD6400A4CB8B /* Resources */ = {
			isa = PBXResourcesBuildPhase;
			buildActionMask = 2147483647;
			files = (
				5702B42C19A7AD6400A4CB8B /* Images.xcassets in Resources */,
				5702B42119A7AD6400A4CB8B /* Main_iPhone.storyboard in Resources */,
				5702B41819A7AD6400A4CB8B /* InfoPlist.strings in Resources */,
			);
			runOnlyForDeploymentPostprocessing = 0;
		};
		5702B42F19A7AD6500A4CB8B /* Resources */ = {
			isa = PBXResourcesBuildPhase;
			buildActionMask = 2147483647;
			files = (
				5702B43D19A7AD6500A4CB8B /* InfoPlist.strings in Resources */,
			);
			runOnlyForDeploymentPostprocessing = 0;
		};
/* End PBXResourcesBuildPhase section */

/* Begin PBXSourcesBuildPhase section */
		5702B40619A7AD6400A4CB8B /* Sources */ = {
			isa = PBXSourcesBuildPhase;
			buildActionMask = 2147483647;
			files = (
				5702B44E19AB9D8100A4CB8B /* KSTIndustryTableViewController.m in Sources */,
				5702B41A19A7AD6400A4CB8B /* main.m in Sources */,
				5702B41E19A7AD6400A4CB8B /* KSTAppDelegate.m in Sources */,
				5768672D19ABDF0F00F5E5AA /* KSTCaseStudyViewController.m in Sources */,
			);
			runOnlyForDeploymentPostprocessing = 0;
		};
		5702B42D19A7AD6500A4CB8B /* Sources */ = {
			isa = PBXSourcesBuildPhase;
			buildActionMask = 2147483647;
			files = (
				5702B43F19A7AD6500A4CB8B /* Keste_MobileTests.m in Sources */,
			);
			runOnlyForDeploymentPostprocessing = 0;
		};
/* End PBXSourcesBuildPhase section */

/* Begin PBXTargetDependency section */
		5702B43719A7AD6500A4CB8B /* PBXTargetDependency */ = {
			isa = PBXTargetDependency;
			target = 5702B40919A7AD6400A4CB8B /* Feedback Viewer */;
			targetProxy = 5702B43619A7AD6500A4CB8B /* PBXContainerItemProxy */;
		};
/* End PBXTargetDependency section */

/* Begin PBXVariantGroup section */
		5702B41619A7AD6400A4CB8B /* InfoPlist.strings */ = {
			isa = PBXVariantGroup;
			children = (
				5702B41719A7AD6400A4CB8B /* en */,
			);
			name = InfoPlist.strings;
			sourceTree = "<group>";
		};
		5702B41F19A7AD6400A4CB8B /* Main_iPhone.storyboard */ = {
			isa = PBXVariantGroup;
			children = (
				5702B42019A7AD6400A4CB8B /* Base */,
			);
			name = Main_iPhone.storyboard;
			sourceTree = "<group>";
		};
		5702B43B19A7AD6500A4CB8B /* InfoPlist.strings */ = {
			isa = PBXVariantGroup;
			children = (
				5702B43C19A7AD6500A4CB8B /* en */,
			);
			name = InfoPlist.strings;
			sourceTree = "<group>";
		};
/* End PBXVariantGroup section */

/* Begin XCBuildConfiguration section */
		5702B44019A7AD6500A4CB8B /* Debug */ = {
			isa = XCBuildConfiguration;
			buildSettings = {
				ALWAYS_SEARCH_USER_PATHS = NO;
				CLANG_CXX_LANGUAGE_STANDARD = "gnu++0x";
				CLANG_CXX_LIBRARY = "libc++";
				CLANG_ENABLE_MODULES = YES;
				CLANG_ENABLE_OBJC_ARC = YES;
				CLANG_WARN_BOOL_CONVERSION = YES;
				CLANG_WARN_CONSTANT_CONVERSION = YES;
				CLANG_WARN_DIRECT_OBJC_ISA_USAGE = YES_ERROR;
				CLANG_WARN_EMPTY_BODY = YES;
				CLANG_WARN_ENUM_CONVERSION = YES;
				CLANG_WARN_INT_CONVERSION = YES;
				CLANG_WARN_OBJC_ROOT_CLASS = YES_ERROR;
				CLANG_WARN__DUPLICATE_METHOD_MATCH = YES;
				"CODE_SIGN_IDENTITY[sdk=iphoneos*]" = "iPhone Developer";
				COPY_PHASE_STRIP = NO;
				GCC_C_LANGUAGE_STANDARD = gnu99;
				GCC_DYNAMIC_NO_PIC = NO;
				GCC_OPTIMIZATION_LEVEL = 0;
				GCC_PREPROCESSOR_DEFINITIONS = (
					"DEBUG=1",
					"$(inherited)",
				);
				GCC_SYMBOLS_PRIVATE_EXTERN = NO;
				GCC_WARN_64_TO_32_BIT_CONVERSION = YES;
				GCC_WARN_ABOUT_RETURN_TYPE = YES_ERROR;
				GCC_WARN_UNDECLARED_SELECTOR = YES;
				GCC_WARN_UNINITIALIZED_AUTOS = YES_AGGRESSIVE;
				GCC_WARN_UNUSED_FUNCTION = YES;
				GCC_WARN_UNUSED_VARIABLE = YES;
				IPHONEOS_DEPLOYMENT_TARGET = 7.1;
				ONLY_ACTIVE_ARCH = YES;
				SDKROOT = iphoneos;
				TARGETED_DEVICE_FAMILY = "1,2";
			};
			name = Debug;
		};
		5702B44119A7AD6500A4CB8B /* Release */ = {
			isa = XCBuildConfiguration;
			buildSettings = {
				ALWAYS_SEARCH_USER_PATHS = NO;
				CLANG_CXX_LANGUAGE_STANDARD = "gnu++0x";
				CLANG_CXX_LIBRARY = "libc++";
				CLANG_ENABLE_MODULES = YES;
				CLANG_ENABLE_OBJC_ARC = YES;
				CLANG_WARN_BOOL_CONVERSION = YES;
				CLANG_WARN_CONSTANT_CONVERSION = YES;
				CLANG_WARN_DIRECT_OBJC_ISA_USAGE = YES_ERROR;
				CLANG_WARN_EMPTY_BODY = YES;
				CLANG_WARN_ENUM_CONVERSION = YES;
				CLANG_WARN_INT_CONVERSION = YES;
				CLANG_WARN_OBJC_ROOT_CLASS = YES_ERROR;
				CLANG_WARN__DUPLICATE_METHOD_MATCH = YES;
				"CODE_SIGN_IDENTITY[sdk=iphoneos*]" = "iPhone Developer";
				COPY_PHASE_STRIP = YES;
				ENABLE_NS_ASSERTIONS = NO;
				GCC_C_LANGUAGE_STANDARD = gnu99;
				GCC_WARN_64_TO_32_BIT_CONVERSION = YES;
				GCC_WARN_ABOUT_RETURN_TYPE = YES_ERROR;
				GCC_WARN_UNDECLARED_SELECTOR = YES;
				GCC_WARN_UNINITIALIZED_AUTOS = YES_AGGRESSIVE;
				GCC_WARN_UNUSED_FUNCTION = YES;
				GCC_WARN_UNUSED_VARIABLE = YES;
				IPHONEOS_DEPLOYMENT_TARGET = 7.1;
				SDKROOT = iphoneos;
				TARGETED_DEVICE_FAMILY = "1,2";
				VALIDATE_PRODUCT = YES;
			};
			name = Release;
		};
		5702B44319A7AD6500A4CB8B /* Debug */ = {
			isa = XCBuildConfiguration;
			buildSettings = {
				ASSETCATALOG_COMPILER_APPICON_NAME = AppIcon;
				ASSETCATALOG_COMPILER_LAUNCHIMAGE_NAME = LaunchImage;
				FRAMEWORK_SEARCH_PATHS = (
					"$(inherited)",
					"$(USER_LIBRARY_DIR)/Frameworks/aws-ios-sdk-2.0.5/frameworks",
					"$(USER_LIBRARY_DIR)/Frameworks/aws-ios-sdk-2.0.5/third-party",
				);
				GCC_PRECOMPILE_PREFIX_HEADER = YES;
				GCC_PREFIX_HEADER = "Keste Mobile/Feedback Viewer-Prefix.pch";
				INFOPLIST_FILE = "Keste Mobile/Feedback Viewer-Info.plist";
				OTHER_LDFLAGS = "";
				PRODUCT_NAME = "Feedback Viewer";
				WRAPPER_EXTENSION = app;
			};
			name = Debug;
		};
		5702B44419A7AD6500A4CB8B /* Release */ = {
			isa = XCBuildConfiguration;
			buildSettings = {
				ASSETCATALOG_COMPILER_APPICON_NAME = AppIcon;
				ASSETCATALOG_COMPILER_LAUNCHIMAGE_NAME = LaunchImage;
				FRAMEWORK_SEARCH_PATHS = (
					"$(inherited)",
					"$(USER_LIBRARY_DIR)/Frameworks/aws-ios-sdk-2.0.5/frameworks",
					"$(USER_LIBRARY_DIR)/Frameworks/aws-ios-sdk-2.0.5/third-party",
				);
				GCC_PRECOMPILE_PREFIX_HEADER = YES;
				GCC_PREFIX_HEADER = "Keste Mobile/Feedback Viewer-Prefix.pch";
				INFOPLIST_FILE = "Keste Mobile/Feedback Viewer-Info.plist";
				OTHER_LDFLAGS = "";
				PRODUCT_NAME = "Feedback Viewer";
				WRAPPER_EXTENSION = app;
			};
			name = Release;
		};
		5702B44619A7AD6500A4CB8B /* Debug */ = {
			isa = XCBuildConfiguration;
			buildSettings = {
				BUNDLE_LOADER = "$(BUILT_PRODUCTS_DIR)/Keste Mobile.app/Keste Mobile";
				FRAMEWORK_SEARCH_PATHS = (
					"$(SDKROOT)/Developer/Library/Frameworks",
					"$(inherited)",
					"$(DEVELOPER_FRAMEWORKS_DIR)",
				);
				GCC_PRECOMPILE_PREFIX_HEADER = YES;
				GCC_PREFIX_HEADER = "Keste Mobile/Keste Mobile-Prefix.pch";
				GCC_PREPROCESSOR_DEFINITIONS = (
					"DEBUG=1",
					"$(inherited)",
				);
				INFOPLIST_FILE = "Keste MobileTests/Feedback ViewerTests-Info.plist";
				PRODUCT_NAME = "Feedback ViewerTests";
				TEST_HOST = "$(BUNDLE_LOADER)";
				WRAPPER_EXTENSION = xctest;
			};
			name = Debug;
		};
		5702B44719A7AD6500A4CB8B /* Release */ = {
			isa = XCBuildConfiguration;
			buildSettings = {
				BUNDLE_LOADER = "$(BUILT_PRODUCTS_DIR)/Keste Mobile.app/Keste Mobile";
				FRAMEWORK_SEARCH_PATHS = (
					"$(SDKROOT)/Developer/Library/Frameworks",
					"$(inherited)",
					"$(DEVELOPER_FRAMEWORKS_DIR)",
				);
				GCC_PRECOMPILE_PREFIX_HEADER = YES;
				GCC_PREFIX_HEADER = "Keste Mobile/Keste Mobile-Prefix.pch";
				INFOPLIST_FILE = "Keste MobileTests/Feedback ViewerTests-Info.plist";
				PRODUCT_NAME = "Feedback ViewerTests";
				TEST_HOST = "$(BUNDLE_LOADER)";
				WRAPPER_EXTENSION = xctest;
			};
			name = Release;
		};
/* End XCBuildConfiguration section */

/* Begin XCConfigurationList section */
		5702B40519A7AD6400A4CB8B /* Build configuration list for PBXProject "Feedback Viewer" */ = {
			isa = XCConfigurationList;
			buildConfigurations = (
				5702B44019A7AD6500A4CB8B /* Debug */,
				5702B44119A7AD6500A4CB8B /* Release */,
			);
			defaultConfigurationIsVisible = 0;
			defaultConfigurationName = Release;
		};
		5702B44219A7AD6500A4CB8B /* Build configuration list for PBXNativeTarget "Feedback Viewer" */ = {
			isa = XCConfigurationList;
			buildConfigurations = (
				5702B44319A7AD6500A4CB8B /* Debug */,
				5702B44419A7AD6500A4CB8B /* Release */,
			);
			defaultConfigurationIsVisible = 0;
			defaultConfigurationName = Release;
		};
		5702B44519A7AD6500A4CB8B /* Build configuration list for PBXNativeTarget "Feedback ViewerTests" */ = {
			isa = XCConfigurationList;
			buildConfigurations = (
				5702B44619A7AD6500A4CB8B /* Debug */,
				5702B44719A7AD6500A4CB8B /* Release */,
			);
			defaultConfigurationIsVisible = 0;
			defaultConfigurationName = Release;
		};
/* End XCConfigurationList section */
	};
	rootObject = 5702B40219A7AD6400A4CB8B /* Project object */;
}
